{
  "originHash" : "84869337dbfc846a450db3a56f669c21e48dc69f294d6a7e63a1ae3b401204af",
  "pins" : [
    {
      "identity" : "pointer-kit",
      "kind" : "remoteSourceControl",
      "location" : "https://github.com/vinceplusplus/pointer-kit.git",
      "state" : {
        "revision" : "38d457dad5f14888bd80775cb59c62091705ab97",
        "version" : "2.1.0"
      }
    }
  ],
  "version" : 3
}
