{
  "originHash" : "406376ff8d70da269ab29fb3937d1371f060146b61776f6493c3c19cddb51106",
  "pins" : [
    {
      "identity" : "pointer-kit",
      "kind" : "remoteSourceControl",
      "location" : "https://github.com/vinceplusplus/pointer-kit.git",
      "state" : {
        "revision" : "51f1d98fbf957d51ad735b39f4bdb8882c7486c8",
        "version" : "2.0.0"
      }
    }
  ],
  "version" : 3
}
